
Microsoft Visual Studio Solution File, Format Version 12.00
# Visual Studio Version 17
VisualStudioVersion = 17.6.33712.159
MinimumVisualStudioVersion = 10.0.40219.1
Project("{9A19103F-16F7-4668-BE54-9A1E7A4F7556}") = "NLayerCore", "NLayerCore\NLayerCore.csproj", "{ADF818B9-F567-4DE8-B559-D96DC58802C3}"
EndProject
Project("{9A19103F-16F7-4668-BE54-9A1E7A4F7556}") = "NLayerRepository", "NLayerRepository\NLayerRepository.csproj", "{111C1760-6276-465F-AA90-BC714959823F}"
EndProject
Project("{9A19103F-16F7-4668-BE54-9A1E7A4F7556}") = "NLayerService", "NLayerService\NLayerService.csproj", "{E2A45936-2AED-427C-89E6-39BD16B93622}"
EndProject
Project("{FAE04EC0-301F-11D3-BF4B-00C04F79EFBC}") = "NLayerAPI", "NLayerAPI\NLayerAPI.csproj", "{F6FA8A37-CECD-42D1-B7BE-50FD97575E9E}"
EndProject
Project("{9A19103F-16F7-4668-BE54-9A1E7A4F7556}") = "NLayerWeb", "NLayerWeb\NLayerWeb.csproj", "{929AA314-2CE6-4498-B517-61C391AEBEF5}"
EndProject
Project("{9A19103F-16F7-4668-BE54-9A1E7A4F7556}") = "NLayerCaching", "NLayerCaching\NLayerCaching.csproj", "{C9749D3A-E346-49CF-A38B-9E836A90FD05}"
EndProject
Project("{2150E333-8FDC-42A3-9474-1A3956D46DE8}") = "Solution Items", "Solution Items", "{431796D1-9009-4FA5-9C3E-10E59A9ADC85}"
	ProjectSection(SolutionItems) = preProject
		Ports.txt = Ports.txt
	EndProjectSection
EndProject
Global
	GlobalSection(SolutionConfigurationPlatforms) = preSolution
		Debug|Any CPU = Debug|Any CPU
		Release|Any CPU = Release|Any CPU
	EndGlobalSection
	GlobalSection(ProjectConfigurationPlatforms) = postSolution
		{ADF818B9-F567-4DE8-B559-D96DC58802C3}.Debug|Any CPU.ActiveCfg = Debug|Any CPU
		{ADF818B9-F567-4DE8-B559-D96DC58802C3}.Debug|Any CPU.Build.0 = Debug|Any CPU
		{ADF818B9-F567-4DE8-B559-D96DC58802C3}.Release|Any CPU.ActiveCfg = Release|Any CPU
		{ADF818B9-F567-4DE8-B559-D96DC58802C3}.Release|Any CPU.Build.0 = Release|Any CPU
		{111C1760-6276-465F-AA90-BC714959823F}.Debug|Any CPU.ActiveCfg = Debug|Any CPU
		{111C1760-6276-465F-AA90-BC714959823F}.Debug|Any CPU.Build.0 = Debug|Any CPU
		{111C1760-6276-465F-AA90-BC714959823F}.Release|Any CPU.ActiveCfg = Release|Any CPU
		{111C1760-6276-465F-AA90-BC714959823F}.Release|Any CPU.Build.0 = Release|Any CPU
		{E2A45936-2AED-427C-89E6-39BD16B93622}.Debug|Any CPU.ActiveCfg = Debug|Any CPU
		{E2A45936-2AED-427C-89E6-39BD16B93622}.Debug|Any CPU.Build.0 = Debug|Any CPU
		{E2A45936-2AED-427C-89E6-39BD16B93622}.Release|Any CPU.ActiveCfg = Release|Any CPU
		{E2A45936-2AED-427C-89E6-39BD16B93622}.Release|Any CPU.Build.0 = Release|Any CPU
		{F6FA8A37-CECD-42D1-B7BE-50FD97575E9E}.Debug|Any CPU.ActiveCfg = Debug|Any CPU
		{F6FA8A37-CECD-42D1-B7BE-50FD97575E9E}.Debug|Any CPU.Build.0 = Debug|Any CPU
		{F6FA8A37-CECD-42D1-B7BE-50FD97575E9E}.Release|Any CPU.ActiveCfg = Release|Any CPU
		{F6FA8A37-CECD-42D1-B7BE-50FD97575E9E}.Release|Any CPU.Build.0 = Release|Any CPU
		{929AA314-2CE6-4498-B517-61C391AEBEF5}.Debug|Any CPU.ActiveCfg = Debug|Any CPU
		{929AA314-2CE6-4498-B517-61C391AEBEF5}.Debug|Any CPU.Build.0 = Debug|Any CPU
		{929AA314-2CE6-4498-B517-61C391AEBEF5}.Release|Any CPU.ActiveCfg = Release|Any CPU
		{929AA314-2CE6-4498-B517-61C391AEBEF5}.Release|Any CPU.Build.0 = Release|Any CPU
		{C9749D3A-E346-49CF-A38B-9E836A90FD05}.Debug|Any CPU.ActiveCfg = Debug|Any CPU
		{C9749D3A-E346-49CF-A38B-9E836A90FD05}.Debug|Any CPU.Build.0 = Debug|Any CPU
		{C9749D3A-E346-49CF-A38B-9E836A90FD05}.Release|Any CPU.ActiveCfg = Release|Any CPU
		{C9749D3A-E346-49CF-A38B-9E836A90FD05}.Release|Any CPU.Build.0 = Release|Any CPU
	EndGlobalSection
	GlobalSection(SolutionProperties) = preSolution
		HideSolutionNode = FALSE
	EndGlobalSection
	GlobalSection(ExtensibilityGlobals) = postSolution
		SolutionGuid = {96993F5F-A6A6-4A84-A89B-400CD6F5ECB1}
	EndGlobalSection
EndGlobal
